// !$*UTF8*$!
{
	archiveVersion = 1;
	classes = {
	};
	objectVersion = 50;
	objects = {

/* Begin PBXBuildFile section */
		D162A3B626A3D0B00015CD40 /* AppDelegate.swift in Sources */ = {isa = PBXBuildFile; fileRef = D162A3B526A3D0B00015CD40 /* AppDelegate.swift */; };
		D162A3B826A3D0B00015CD40 /* SceneDelegate.swift in Sources */ = {isa = PBXBuildFile; fileRef = D162A3B726A3D0B00015CD40 /* SceneDelegate.swift */; };
		D162A3BA26A3D0B00015CD40 /* ViewController.swift in Sources */ = {isa = PBXBuildFile; fileRef = D162A3B926A3D0B00015CD40 /* ViewController.swift */; };
		D162A3BD26A3D0B00015CD40 /* Main.storyboard in Resources */ = {isa = PBXBuildFile; fileRef = D162A3BB26A3D0B00015CD40 /* Main.storyboard */; };
		D162A3BF26A3D0B20015CD40 /* Assets.xcassets in Resources */ = {isa = PBXBuildFile; fileRef = D162A3BE26A3D0B20015CD40 /* Assets.xcassets */; };
		D162A3C226A3D0B20015CD40 /* LaunchScreen.storyboard in Resources */ = {isa = PBXBuildFile; fileRef = D162A3C026A3D0B20015CD40 /* LaunchScreen.storyboard */; };
		D162A3CD26A3D0B20015CD40 /* You_Are_Awesome_Tests.swift in Sources */ = {isa = PBXBuildFile; fileRef = D162A3CC26A3D0B20015CD40 /* You_Are_Awesome_Tests.swift */; };
		D162A3D826A3D0B20015CD40 /* You_Are_Awesome_UITests.swift in Sources */ = {isa = PBXBuildFile; fileRef = D162A3D726A3D0B20015CD40 /* You_Are_Awesome_UITests.swift */; };
/* End PBXBuildFile section */

/* Begin PBXContainerItemProxy section */
		D162A3C926A3D0B20015CD40 /* PBXContainerItemProxy */ = {
			isa = PBXContainerItemProxy;
			containerPortal = D162A3AA26A3D0B00015CD40 /* Project object */;
			proxyType = 1;
			remoteGlobalIDString = D162A3B126A3D0B00015CD40;
			remoteInfo = "You Are Awesome!";
		};
		D162A3D426A3D0B20015CD40 /* PBXContainerItemProxy */ = {
			isa = PBXContainerItemProxy;
			containerPortal = D162A3AA26A3D0B00015CD40 /* Project object */;
			proxyType = 1;
			remoteGlobalIDString = D162A3B126A3D0B00015CD40;
			remoteInfo = "You Are Awesome!";
		};
/* End PBXContainerItemProxy section */

/* Begin PBXFileReference section */
		D162A3B226A3D0B00015CD40 /* You Are Awesome!.app */ = {isa = PBXFileReference; explicitFileType = wrapper.application; includeInIndex = 0; path = "You Are Awesome!.app"; sourceTree = BUILT_PRODUCTS_DIR; };
		D162A3B526A3D0B00015CD40 /* AppDelegate.swift */ = {isa = PBXFileReference; lastKnownFileType = sourcecode.swift; path = AppDelegate.swift; sourceTree = "<group>"; };
		D162A3B726A3D0B00015CD40 /* SceneDelegate.swift */ = {isa = PBXFileReference; lastKnownFileType = sourcecode.swift; path = SceneDelegate.swift; sourceTree = "<group>"; };
		D162A3B926A3D0B00015CD40 /* ViewController.swift */ = {isa = PBXFileReference; lastKnownFileType = sourcecode.swift; path = ViewController.swift; sourceTree = "<group>"; };
		D162A3BC26A3D0B00015CD40 /* Base */ = {isa = PBXFileReference; lastKnownFileType = file.storyboard; name = Base; path = Base.lproj/Main.storyboard; sourceTree = "<group>"; };
		D162A3BE26A3D0B20015CD40 /* Assets.xcassets */ = {isa = PBXFileReference; lastKnownFileType = folder.assetcatalog; path = Assets.xcassets; sourceTree = "<group>"; };
		D162A3C126A3D0B20015CD40 /* Base */ = {isa = PBXFileReference; lastKnownFileType = file.storyboard; name = Base; path = Base.lproj/LaunchScreen.storyboard; sourceTree = "<group>"; };
		D162A3C326A3D0B20015CD40 /* Info.plist */ = {isa = PBXFileReference; lastKnownFileType = text.plist.xml; path = Info.plist; sourceTree = "<group>"; };
		D162A3C826A3D0B20015CD40 /* You Are Awesome!Tests.xctest */ = {isa = PBXFileReference; explicitFileType = wrapper.cfbundle; includeInIndex = 0; path = "You Are Awesome!Tests.xctest"; sourceTree = BUILT_PRODUCTS_DIR; };
		D162A3CC26A3D0B20015CD40 /* You_Are_Awesome_Tests.swift */ = {isa = PBXFileReference; lastKnownFileType = sourcecode.swift; path = You_Are_Awesome_Tests.swift; sourceTree = "<group>"; };
		D162A3CE26A3D0B20015CD40 /* Info.plist */ = {isa = PBXFileReference; lastKnownFileType = text.plist.xml; path = Info.plist; sourceTree = "<group>"; };
		D162A3D326A3D0B20015CD40 /* You Are Awesome!UITests.xctest */ = {isa = PBXFileReference; explicitFileType = wrapper.cfbundle; includeInIndex = 0; path = "You Are Awesome!UITests.xctest"; sourceTree = BUILT_PRODUCTS_DIR; };
		D162A3D726A3D0B20015CD40 /* You_Are_Awesome_UITests.swift */ = {isa = PBXFileReference; lastKnownFileType = sourcecode.swift; path = You_Are_Awesome_UITests.swift; sourceTree = "<group>"; };
		D162A3D926A3D0B20015CD40 /* Info.plist */ = {isa = PBXFileReference; lastKnownFileType = text.plist.xml; path = Info.plist; sourceTree = "<group>"; };
/* End PBXFileReference section */

/* Begin PBXFrameworksBuildPhase section */
		D162A3AF26A3D0B00015CD40 /* Frameworks */ = {
			isa = PBXFrameworksBuildPhase;
			buildActionMask = 2147483647;
			files = (
			);
			runOnlyForDeploymentPostprocessing = 0;
		};
		D162A3C526A3D0B20015CD40 /* Frameworks */ = {
			isa = PBXFrameworksBuildPhase;
			buildActionMask = 2147483647;
			files = (
			);
			runOnlyForDeploymentPostprocessing = 0;
		};
		D162A3D026A3D0B20015CD40 /* Frameworks */ = {
			isa = PBXFrameworksBuildPhase;
			buildActionMask = 2147483647;
			files = (
			);
			runOnlyForDeploymentPostprocessing = 0;
		};
/* End PBXFrameworksBuildPhase section */

/* Begin PBXGroup section */
		D162A3A926A3D0B00015CD40 = {
			isa = PBXGroup;
			children = (
				D162A3B426A3D0B00015CD40 /* You Are Awesome! */,
				D162A3CB26A3D0B20015CD40 /* You Are Awesome!Tests */,
				D162A3D626A3D0B20015CD40 /* You Are Awesome!UITests */,
				D162A3B326A3D0B00015CD40 /* Products */,
			);
			sourceTree = "<group>";
		};
		D162A3B326A3D0B00015CD40 /* Products */ = {
			isa = PBXGroup;
			children = (
				D162A3B226A3D0B00015CD40 /* You Are Awesome!.app */,
				D162A3C826A3D0B20015CD40 /* You Are Awesome!Tests.xctest */,
				D162A3D326A3D0B20015CD40 /* You Are Awesome!UITests.xctest */,
			);
			name = Products;
			sourceTree = "<group>";
		};
		D162A3B426A3D0B00015CD40 /* You Are Awesome! */ = {
			isa = PBXGroup;
			children = (
				D162A3B526A3D0B00015CD40 /* AppDelegate.swift */,
				D162A3B726A3D0B00015CD40 /* SceneDelegate.swift */,
				D162A3B926A3D0B00015CD40 /* ViewController.swift */,
				D162A3BB26A3D0B00015CD40 /* Main.storyboard */,
				D162A3BE26A3D0B20015CD40 /* Assets.xcassets */,
				D162A3C026A3D0B20015CD40 /* LaunchScreen.storyboard */,
				D162A3C326A3D0B20015CD40 /* Info.plist */,
			);
			path = "You Are Awesome!";
			sourceTree = "<group>";
		};
		D162A3CB26A3D0B20015CD40 /* You Are Awesome!Tests */ = {
			isa = PBXGroup;
			children = (
				D162A3CC26A3D0B20015CD40 /* You_Are_Awesome_Tests.swift */,
				D162A3CE26A3D0B20015CD40 /* Info.plist */,
			);
			path = "You Are Awesome!Tests";
			sourceTree = "<group>";
		};
		D162A3D626A3D0B20015CD40 /* You Are Awesome!UITests */ = {
			isa = PBXGroup;
			children = (
				D162A3D726A3D0B20015CD40 /* You_Are_Awesome_UITests.swift */,
				D162A3D926A3D0B20015CD40 /* Info.plist */,
			);
			path = "You Are Awesome!UITests";
			sourceTree = "<group>";
		};
/* End PBXGroup section */

/* Begin PBXNativeTarget section */
		D162A3B126A3D0B00015CD40 /* You Are Awesome! */ = {
			isa = PBXNativeTarget;
			buildConfigurationList = D162A3DC26A3D0B20015CD40 /* Build configuration list for PBXNativeTarget "You Are Awesome!" */;
			buildPhases = (
				D162A3AE26A3D0B00015CD40 /* Sources */,
				D162A3AF26A3D0B00015CD40 /* Frameworks */,
				D162A3B026A3D0B00015CD40 /* Resources */,
			);
			buildRules = (
			);
			dependencies = (
			);
			name = "You Are Awesome!";
			productName = "You Are Awesome!";
			productReference = D162A3B226A3D0B00015CD40 /* You Are Awesome!.app */;
			productType = "com.apple.product-type.application";
		};
		D162A3C726A3D0B20015CD40 /* You Are Awesome!Tests */ = {
			isa = PBXNativeTarget;
			buildConfigurationList = D162A3DF26A3D0B20015CD40 /* Build configuration list for PBXNativeTarget "You Are Awesome!Tests" */;
			buildPhases = (
				D162A3C426A3D0B20015CD40 /* Sources */,
				D162A3C526A3D0B20015CD40 /* Frameworks */,
				D162A3C626A3D0B20015CD40 /* Resources */,
			);
			buildRules = (
			);
			dependencies = (
				D162A3CA26A3D0B20015CD40 /* PBXTargetDependency */,
			);
			name = "You Are Awesome!Tests";
			productName = "You Are Awesome!Tests";
			productReference = D162A3C826A3D0B20015CD40 /* You Are Awesome!Tests.xctest */;
			productType = "com.apple.product-type.bundle.unit-test";
		};
		D162A3D226A3D0B20015CD40 /* You Are Awesome!UITests */ = {
			isa = PBXNativeTarget;
			buildConfigurationList = D162A3E226A3D0B20015CD40 /* Build configuration list for PBXNativeTarget "You Are Awesome!UITests" */;
			buildPhases = (
				D162A3CF26A3D0B20015CD40 /* Sources */,
				D162A3D026A3D0B20015CD40 /* Frameworks */,
				D162A3D126A3D0B20015CD40 /* Resources */,
			);
			buildRules = (
			);
			dependencies = (
				D162A3D526A3D0B20015CD40 /* PBXTargetDependency */,
			);
			name = "You Are Awesome!UITests";
			productName = "You Are Awesome!UITests";
			productReference = D162A3D326A3D0B20015CD40 /* You Are Awesome!UITests.xctest */;
			productType = "com.apple.product-type.bundle.ui-testing";
		};
/* End PBXNativeTarget section */

/* Begin PBXProject section */
		D162A3AA26A3D0B00015CD40 /* Project object */ = {
			isa = PBXProject;
			attributes = {
				LastSwiftUpdateCheck = 1250;
				LastUpgradeCheck = 1250;
				TargetAttributes = {
					D162A3B126A3D0B00015CD40 = {
						CreatedOnToolsVersion = 12.5.1;
					};
					D162A3C726A3D0B20015CD40 = {
						CreatedOnToolsVersion = 12.5.1;
						TestTargetID = D162A3B126A3D0B00015CD40;
					};
					D162A3D226A3D0B20015CD40 = {
						CreatedOnToolsVersion = 12.5.1;
						TestTargetID = D162A3B126A3D0B00015CD40;
					};
				};
			};
			buildConfigurationList = D162A3AD26A3D0B00015CD40 /* Build configuration list for PBXProject "You Are Awesome!" */;
			compatibilityVersion = "Xcode 9.3";
			developmentRegion = en;
			hasScannedForEncodings = 0;
			knownRegions = (
				en,
				Base,
			);
			mainGroup = D162A3A926A3D0B00015CD40;
			productRefGroup = D162A3B326A3D0B00015CD40 /* Products */;
			projectDirPath = "";
			projectRoot = "";
			targets = (
				D162A3B126A3D0B00015CD40 /* You Are Awesome! */,
				D162A3C726A3D0B20015CD40 /* You Are Awesome!Tests */,
				D162A3D226A3D0B20015CD40 /* You Are Awesome!UITests */,
			);
		};
/* End PBXProject section */

/* Begin PBXResourcesBuildPhase section */
		D162A3B026A3D0B00015CD40 /* Resources */ = {
			isa = PBXResourcesBuildPhase;
			buildActionMask = 2147483647;
			files = (
				D162A3C226A3D0B20015CD40 /* LaunchScreen.storyboard in Resources */,
				D162A3BF26A3D0B20015CD40 /* Assets.xcassets in Resources */,
				D162A3BD26A3D0B00015CD40 /* Main.storyboard in Resources */,
			);
			runOnlyForDeploymentPostprocessing = 0;
		};
		D162A3C626A3D0B20015CD40 /* Resources */ = {
			isa = PBXResourcesBuildPhase;
			buildActionMask = 2147483647;
			files = (
			);
			runOnlyForDeploymentPostprocessing = 0;
		};
		D162A3D126A3D0B20015CD40 /* Resources */ = {
			isa = PBXResourcesBuildPhase;
			buildActionMask = 2147483647;
			files = (
			);
			runOnlyForDeploymentPostprocessing = 0;
		};
/* End PBXResourcesBuildPhase section */

/* Begin PBXSourcesBuildPhase section */
		D162A3AE26A3D0B00015CD40 /* Sources */ = {
			isa = PBXSourcesBuildPhase;
			buildActionMask = 2147483647;
			files = (
				D162A3BA26A3D0B00015CD40 /* ViewController.swift in Sources */,
				D162A3B626A3D0B00015CD40 /* AppDelegate.swift in Sources */,
				D162A3B826A3D0B00015CD40 /* SceneDelegate.swift in Sources */,
			);
			runOnlyForDeploymentPostprocessing = 0;
		};
		D162A3C426A3D0B20015CD40 /* Sources */ = {
			isa = PBXSourcesBuildPhase;
			buildActionMask = 2147483647;
			files = (
				D162A3CD26A3D0B20015CD40 /* You_Are_Awesome_Tests.swift in Sources */,
			);
			runOnlyForDeploymentPostprocessing = 0;
		};
		D162A3CF26A3D0B20015CD40 /* Sources */ = {
			isa = PBXSourcesBuildPhase;
			buildActionMask = 2147483647;
			files = (
				D162A3D826A3D0B20015CD40 /* You_Are_Awesome_UITests.swift in Sources */,
			);
			runOnlyForDeploymentPostprocessing = 0;
		};
/* End PBXSourcesBuildPhase section */

/* Begin PBXTargetDependency section */
		D162A3CA26A3D0B20015CD40 /* PBXTargetDependency */ = {
			isa = PBXTargetDependency;
			target = D162A3B126A3D0B00015CD40 /* You Are Awesome! */;
			targetProxy = D162A3C926A3D0B20015CD40 /* PBXContainerItemProxy */;
		};
		D162A3D526A3D0B20015CD40 /* PBXTargetDependency */ = {
			isa = PBXTargetDependency;
			target = D162A3B126A3D0B00015CD40 /* You Are Awesome! */;
			targetProxy = D162A3D426A3D0B20015CD40 /* PBXContainerItemProxy */;
		};
/* End PBXTargetDependency section */

/* Begin PBXVariantGroup section */
		D162A3BB26A3D0B00015CD40 /* Main.storyboard */ = {
			isa = PBXVariantGroup;
			children = (
				D162A3BC26A3D0B00015CD40 /* Base */,
			);
			name = Main.storyboard;
			sourceTree = "<group>";
		};
		D162A3C026A3D0B20015CD40 /* LaunchScreen.storyboard */ = {
			isa = PBXVariantGroup;
			children = (
				D162A3C126A3D0B20015CD40 /* Base */,
			);
			name = LaunchScreen.storyboard;
			sourceTree = "<group>";
		};
/* End PBXVariantGroup section */

/* Begin XCBuildConfiguration section */
		D162A3DA26A3D0B20015CD40 /* Debug */ = {
			isa = XCBuildConfiguration;
			buildSettings = {
				ALWAYS_SEARCH_USER_PATHS = NO;
				CLANG_ANALYZER_NONNULL = YES;
				CLANG_ANALYZER_NUMBER_OBJECT_CONVERSION = YES_AGGRESSIVE;
				CLANG_CXX_LANGUAGE_STANDARD = "gnu++14";
				CLANG_CXX_LIBRARY = "libc++";
				CLANG_ENABLE_MODULES = YES;
				CLANG_ENABLE_OBJC_ARC = YES;
				CLANG_ENABLE_OBJC_WEAK = YES;
				CLANG_WARN_BLOCK_CAPTURE_AUTORELEASING = YES;
				CLANG_WARN_BOOL_CONVERSION = YES;
				CLANG_WARN_COMMA = YES;
				CLANG_WARN_CONSTANT_CONVERSION = YES;
				CLANG_WARN_DEPRECATED_OBJC_IMPLEMENTATIONS = YES;
				CLANG_WARN_DIRECT_OBJC_ISA_USAGE = YES_ERROR;
				CLANG_WARN_DOCUMENTATION_COMMENTS = YES;
				CLANG_WARN_EMPTY_BODY = YES;
				CLANG_WARN_ENUM_CONVERSION = YES;
				CLANG_WARN_INFINITE_RECURSION = YES;
				CLANG_WARN_INT_CONVERSION = YES;
				CLANG_WARN_NON_LITERAL_NULL_CONVERSION = YES;
				CLANG_WARN_OBJC_IMPLICIT_RETAIN_SELF = YES;
				CLANG_WARN_OBJC_LITERAL_CONVERSION = YES;
				CLANG_WARN_OBJC_ROOT_CLASS = YES_ERROR;
				CLANG_WARN_QUOTED_INCLUDE_IN_FRAMEWORK_HEADER = YES;
				CLANG_WARN_RANGE_LOOP_ANALYSIS = YES;
				CLANG_WARN_STRICT_PROTOTYPES = YES;
				CLANG_WARN_SUSPICIOUS_MOVE = YES;
				CLANG_WARN_UNGUARDED_AVAILABILITY = YES_AGGRESSIVE;
				CLANG_WARN_UNREACHABLE_CODE = YES;
				CLANG_WARN__DUPLICATE_METHOD_MATCH = YES;
				COPY_PHASE_STRIP = NO;
				DEBUG_INFORMATION_FORMAT = dwarf;
				ENABLE_STRICT_OBJC_MSGSEND = YES;
				ENABLE_TESTABILITY = YES;
				GCC_C_LANGUAGE_STANDARD = gnu11;
				GCC_DYNAMIC_NO_PIC = NO;
				GCC_NO_COMMON_BLOCKS = YES;
				GCC_OPTIMIZATION_LEVEL = 0;
				GCC_PREPROCESSOR_DEFINITIONS = (
					"DEBUG=1",
					"$(inherited)",
				);
				GCC_WARN_64_TO_32_BIT_CONVERSION = YES;
				GCC_WARN_ABOUT_RETURN_TYPE = YES_ERROR;
				GCC_WARN_UNDECLARED_SELECTOR = YES;
				GCC_WARN_UNINITIALIZED_AUTOS = YES_AGGRESSIVE;
				GCC_WARN_UNUSED_FUNCTION = YES;
				GCC_WARN_UNUSED_VARIABLE = YES;
				IPHONEOS_DEPLOYMENT_TARGET = 14.5;
				MTL_ENABLE_DEBUG_INFO = INCLUDE_SOURCE;
				MTL_FAST_MATH = YES;
				ONLY_ACTIVE_ARCH = YES;
				SDKROOT = iphoneos;
				SWIFT_ACTIVE_COMPILATION_CONDITIONS = DEBUG;
				SWIFT_OPTIMIZATION_LEVEL = "-Onone";
			};
			name = Debug;
		};
		D162A3DB26A3D0B20015CD40 /* Release */ = {
			isa = XCBuildConfiguration;
			buildSettings = {
				ALWAYS_SEARCH_USER_PATHS = NO;
				CLANG_ANALYZER_NONNULL = YES;
				CLANG_ANALYZER_NUMBER_OBJECT_CONVERSION = YES_AGGRESSIVE;
				CLANG_CXX_LANGUAGE_STANDARD = "gnu++14";
				CLANG_CXX_LIBRARY = "libc++";
				CLANG_ENABLE_MODULES = YES;
				CLANG_ENABLE_OBJC_ARC = YES;
				CLANG_ENABLE_OBJC_WEAK = YES;
				CLANG_WARN_BLOCK_CAPTURE_AUTORELEASING = YES;
				CLANG_WARN_BOOL_CONVERSION = YES;
				CLANG_WARN_COMMA = YES;
				CLANG_WARN_CONSTANT_CONVERSION = YES;
				CLANG_WARN_DEPRECATED_OBJC_IMPLEMENTATIONS = YES;
				CLANG_WARN_DIRECT_OBJC_ISA_USAGE = YES_ERROR;
				CLANG_WARN_DOCUMENTATION_COMMENTS = YES;
				CLANG_WARN_EMPTY_BODY = YES;
				CLANG_WARN_ENUM_CONVERSION = YES;
				CLANG_WARN_INFINITE_RECURSION = YES;
				CLANG_WARN_INT_CONVERSION = YES;
				CLANG_WARN_NON_LITERAL_NULL_CONVERSION = YES;
				CLANG_WARN_OBJC_IMPLICIT_RETAIN_SELF = YES;
				CLANG_WARN_OBJC_LITERAL_CONVERSION = YES;
				CLANG_WARN_OBJC_ROOT_CLASS = YES_ERROR;
				CLANG_WARN_QUOTED_INCLUDE_IN_FRAMEWORK_HEADER = YES;
				CLANG_WARN_RANGE_LOOP_ANALYSIS = YES;
				CLANG_WARN_STRICT_PROTOTYPES = YES;
				CLANG_WARN_SUSPICIOUS_MOVE = YES;
				CLANG_WARN_UNGUARDED_AVAILABILITY = YES_AGGRESSIVE;
				CLANG_WARN_UNREACHABLE_CODE = YES;
				CLANG_WARN__DUPLICATE_METHOD_MATCH = YES;
				COPY_PHASE_STRIP = NO;
				DEBUG_INFORMATION_FORMAT = "dwarf-with-dsym";
				ENABLE_NS_ASSERTIONS = NO;
				ENABLE_STRICT_OBJC_MSGSEND = YES;
				GCC_C_LANGUAGE_STANDARD = gnu11;
				GCC_NO_COMMON_BLOCKS = YES;
				GCC_WARN_64_TO_32_BIT_CONVERSION = YES;
				GCC_WARN_ABOUT_RETURN_TYPE = YES_ERROR;
				GCC_WARN_UNDECLARED_SELECTOR = YES;
				GCC_WARN_UNINITIALIZED_AUTOS = YES_AGGRESSIVE;
				GCC_WARN_UNUSED_FUNCTION = YES;
				GCC_WARN_UNUSED_VARIABLE = YES;
				IPHONEOS_DEPLOYMENT_TARGET = 14.5;
				MTL_ENABLE_DEBUG_INFO = NO;
				MTL_FAST_MATH = YES;
				SDKROOT = iphoneos;
				SWIFT_COMPILATION_MODE = wholemodule;
				SWIFT_OPTIMIZATION_LEVEL = "-O";
				VALIDATE_PRODUCT = YES;
			};
			name = Release;
		};
		D162A3DD26A3D0B20015CD40 /* Debug */ = {
			isa = XCBuildConfiguration;
			buildSettings = {
				ASSETCATALOG_COMPILER_APPICON_NAME = AppIcon;
				ASSETCATALOG_COMPILER_GLOBAL_ACCENT_COLOR_NAME = AccentColor;
				CODE_SIGN_STYLE = Automatic;
				DEVELOPMENT_TEAM = PZTXU49RLL;
				INFOPLIST_FILE = "You Are Awesome!/Info.plist";
				LD_RUNPATH_SEARCH_PATHS = (
					"$(inherited)",
					"@executable_path/Frameworks",
				);
				PRODUCT_BUNDLE_IDENTIFIER = "com.example.slindauer.You-Are-Awesome-";
				PRODUCT_NAME = "$(TARGET_NAME)";
				SWIFT_VERSION = 5.0;
				TARGETED_DEVICE_FAMILY = "1,2";
			};
			name = Debug;
		};
		D162A3DE26A3D0B20015CD40 /* Release */ = {
			isa = XCBuildConfiguration;
			buildSettings = {
				ASSETCATALOG_COMPILER_APPICON_NAME = AppIcon;
				ASSETCATALOG_COMPILER_GLOBAL_ACCENT_COLOR_NAME = AccentColor;
				CODE_SIGN_STYLE = Automatic;
				DEVELOPMENT_TEAM = PZTXU49RLL;
				INFOPLIST_FILE = "You Are Awesome!/Info.plist";
				LD_RUNPATH_SEARCH_PATHS = (
					"$(inherited)",
					"@executable_path/Frameworks",
				);
				PRODUCT_BUNDLE_IDENTIFIER = "com.example.slindauer.You-Are-Awesome-";
				PRODUCT_NAME = "$(TARGET_NAME)";
				SWIFT_VERSION = 5.0;
				TARGETED_DEVICE_FAMILY = "1,2";
			};
			name = Release;
		};
		D162A3E026A3D0B20015CD40 /* Debug */ = {
			isa = XCBuildConfiguration;
			buildSettings = {
				ALWAYS_EMBED_SWIFT_STANDARD_LIBRARIES = YES;
				BUNDLE_LOADER = "$(TEST_HOST)";
				CODE_SIGN_STYLE = Automatic;
				DEVELOPMENT_TEAM = PZTXU49RLL;
				INFOPLIST_FILE = "You Are Awesome!Tests/Info.plist";
				IPHONEOS_DEPLOYMENT_TARGET = 14.5;
				LD_RUNPATH_SEARCH_PATHS = (
					"$(inherited)",
					"@executable_path/Frameworks",
					"@loader_path/Frameworks",
				);
				PRODUCT_BUNDLE_IDENTIFIER = "com.example.slindauer.You-Are-Awesome-Tests";
				PRODUCT_NAME = "$(TARGET_NAME)";
				SWIFT_VERSION = 5.0;
				TARGETED_DEVICE_FAMILY = "1,2";
				TEST_HOST = "$(BUILT_PRODUCTS_DIR)/You Are Awesome!.app/You Are Awesome!";
			};
			name = Debug;
		};
		D162A3E126A3D0B20015CD40 /* Release */ = {
			isa = XCBuildConfiguration;
			buildSettings = {
				ALWAYS_EMBED_SWIFT_STANDARD_LIBRARIES = YES;
				BUNDLE_LOADER = "$(TEST_HOST)";
				CODE_SIGN_STYLE = Automatic;
				DEVELOPMENT_TEAM = PZTXU49RLL;
				INFOPLIST_FILE = "You Are Awesome!Tests/Info.plist";
				IPHONEOS_DEPLOYMENT_TARGET = 14.5;
				LD_RUNPATH_SEARCH_PATHS = (
					"$(inherited)",
					"@executable_path/Frameworks",
					"@loader_path/Frameworks",
				);
				PRODUCT_BUNDLE_IDENTIFIER = "com.example.slindauer.You-Are-Awesome-Tests";
				PRODUCT_NAME = "$(TARGET_NAME)";
				SWIFT_VERSION = 5.0;
				TARGETED_DEVICE_FAMILY = "1,2";
				TEST_HOST = "$(BUILT_PRODUCTS_DIR)/You Are Awesome!.app/You Are Awesome!";
			};
			name = Release;
		};
		D162A3E326A3D0B20015CD40 /* Debug */ = {
			isa = XCBuildConfiguration;
			buildSettings = {
				ALWAYS_EMBED_SWIFT_STANDARD_LIBRARIES = YES;
				CODE_SIGN_STYLE = Automatic;
				DEVELOPMENT_TEAM = PZTXU49RLL;
				INFOPLIST_FILE = "You Are Awesome!UITests/Info.plist";
				LD_RUNPATH_SEARCH_PATHS = (
					"$(inherited)",
					"@executable_path/Frameworks",
					"@loader_path/Frameworks",
				);
				PRODUCT_BUNDLE_IDENTIFIER = "com.example.slindauer.You-Are-Awesome-UITests";
				PRODUCT_NAME = "$(TARGET_NAME)";
				SWIFT_VERSION = 5.0;
				TARGETED_DEVICE_FAMILY = "1,2";
				TEST_TARGET_NAME = "You Are Awesome!";
			};
			name = Debug;
		};
		D162A3E426A3D0B20015CD40 /* Release */ = {
			isa = XCBuildConfiguration;
			buildSettings = {
				ALWAYS_EMBED_SWIFT_STANDARD_LIBRARIES = YES;
				CODE_SIGN_STYLE = Automatic;
				DEVELOPMENT_TEAM = PZTXU49RLL;
				INFOPLIST_FILE = "You Are Awesome!UITests/Info.plist";
				LD_RUNPATH_SEARCH_PATHS = (
					"$(inherited)",
					"@executable_path/Frameworks",
					"@loader_path/Frameworks",
				);
				PRODUCT_BUNDLE_IDENTIFIER = "com.example.slindauer.You-Are-Awesome-UITests";
				PRODUCT_NAME = "$(TARGET_NAME)";
				SWIFT_VERSION = 5.0;
				TARGETED_DEVICE_FAMILY = "1,2";
				TEST_TARGET_NAME = "You Are Awesome!";
			};
			name = Release;
		};
/* End XCBuildConfiguration section */

/* Begin XCConfigurationList section */
		D162A3AD26A3D0B00015CD40 /* Build configuration list for PBXProject "You Are Awesome!" */ = {
			isa = XCConfigurationList;
			buildConfigurations = (
				D162A3DA26A3D0B20015CD40 /* Debug */,
				D162A3DB26A3D0B20015CD40 /* Release */,
			);
			defaultConfigurationIsVisible = 0;
			defaultConfigurationName = Release;
		};
		D162A3DC26A3D0B20015CD40 /* Build configuration list for PBXNativeTarget "You Are Awesome!" */ = {
			isa = XCConfigurationList;
			buildConfigurations = (
				D162A3DD26A3D0B20015CD40 /* Debug */,
				D162A3DE26A3D0B20015CD40 /* Release */,
			);
			defaultConfigurationIsVisible = 0;
			defaultConfigurationName = Release;
		};
		D162A3DF26A3D0B20015CD40 /* Build configuration list for PBXNativeTarget "You Are Awesome!Tests" */ = {
			isa = XCConfigurationList;
			buildConfigurations = (
				D162A3E026A3D0B20015CD40 /* Debug */,
				D162A3E126A3D0B20015CD40 /* Release */,
			);
			defaultConfigurationIsVisible = 0;
			defaultConfigurationName = Release;
		};
		D162A3E226A3D0B20015CD40 /* Build configuration list for PBXNativeTarget "You Are Awesome!UITests" */ = {
			isa = XCConfigurationList;
			buildConfigurations = (
				D162A3E326A3D0B20015CD40 /* Debug */,
				D162A3E426A3D0B20015CD40 /* Release */,
			);
			defaultConfigurationIsVisible = 0;
			defaultConfigurationName = Release;
		};
/* End XCConfigurationList section */
	};
	rootObject = D162A3AA26A3D0B00015CD40 /* Project object */;
}
